
Microsoft Visual Studio Solution File, Format Version 12.00
# Visual Studio Version 17
VisualStudioVersion = 17.5.33424.131
MinimumVisualStudioVersion = 10.0.40219.1
Project("{9A19103F-16F7-4668-BE54-9A1E7A4F7556}") = "AuthenticationAPI", "AuthenticationAPI\AuthenticationAPI.csproj", "{6A71B67B-26C6-44B8-B365-8FE0CE01EA69}"
EndProject
Project("{FAE04EC0-301F-11D3-BF4B-00C04F79EFBC}") = "MovieBookingAPI", "MovieBookingAPI\MovieBookingAPI.csproj", "{59DFFBE1-D3FA-4C64-9CBB-B2B350885B18}"
EndProject
Global
	GlobalSection(SolutionConfigurationPlatforms) = preSolution
		Debug|Any CPU = Debug|Any CPU
		Release|Any CPU = Release|Any CPU
	EndGlobalSection
	GlobalSection(ProjectConfigurationPlatforms) = postSolution
		{6A71B67B-26C6-44B8-B365-8FE0CE01EA69}.Debug|Any CPU.ActiveCfg = Debug|Any CPU
		{6A71B67B-26C6-44B8-B365-8FE0CE01EA69}.Debug|Any CPU.Build.0 = Debug|Any CPU
		{6A71B67B-26C6-44B8-B365-8FE0CE01EA69}.Release|Any CPU.ActiveCfg = Release|Any CPU
		{6A71B67B-26C6-44B8-B365-8FE0CE01EA69}.Release|Any CPU.Build.0 = Release|Any CPU
		{59DFFBE1-D3FA-4C64-9CBB-B2B350885B18}.Debug|Any CPU.ActiveCfg = Debug|Any CPU
		{59DFFBE1-D3FA-4C64-9CBB-B2B350885B18}.Debug|Any CPU.Build.0 = Debug|Any CPU
		{59DFFBE1-D3FA-4C64-9CBB-B2B350885B18}.Release|Any CPU.ActiveCfg = Release|Any CPU
		{59DFFBE1-D3FA-4C64-9CBB-B2B350885B18}.Release|Any CPU.Build.0 = Release|Any CPU
	EndGlobalSection
	GlobalSection(SolutionProperties) = preSolution
		HideSolutionNode = FALSE
	EndGlobalSection
	GlobalSection(ExtensibilityGlobals) = postSolution
		SolutionGuid = {F3745F71-05F5-4103-A2B8-7CBFCE544343}
	EndGlobalSection
EndGlobal
